// !$*UTF8*$!
{
	archiveVersion = 1;
	classes = {
	};
	objectVersion = 50;
	objects = {

/* Begin PBXBuildFile section */
		CD95810121F90B270089CF92 /* AppDelegate.swift in Sources */ = {isa = PBXBuildFile; fileRef = CD95810021F90B270089CF92 /* AppDelegate.swift */; };
		CD95810321F90B270089CF92 /* Scene.sks in Resources */ = {isa = PBXBuildFile; fileRef = CD95810221F90B270089CF92 /* Scene.sks */; };
		CD95810521F90B270089CF92 /* Scene.swift in Sources */ = {isa = PBXBuildFile; fileRef = CD95810421F90B270089CF92 /* Scene.swift */; };
		CD95810721F90B270089CF92 /* ViewController.swift in Sources */ = {isa = PBXBuildFile; fileRef = CD95810621F90B270089CF92 /* ViewController.swift */; };
		CD95810A21F90B270089CF92 /* Main.storyboard in Resources */ = {isa = PBXBuildFile; fileRef = CD95810821F90B270089CF92 /* Main.storyboard */; };
		CD95810C21F90B290089CF92 /* Assets.xcassets in Resources */ = {isa = PBXBuildFile; fileRef = CD95810B21F90B290089CF92 /* Assets.xcassets */; };
		CD95810F21F90B290089CF92 /* LaunchScreen.storyboard in Resources */ = {isa = PBXBuildFile; fileRef = CD95810D21F90B290089CF92 /* LaunchScreen.storyboard */; };
		CD95811A21F90B290089CF92 /* FaceRecognitionTests.swift in Sources */ = {isa = PBXBuildFile; fileRef = CD95811921F90B290089CF92 /* FaceRecognitionTests.swift */; };
/* End PBXBuildFile section */

/* Begin PBXContainerItemProxy section */
		CD95811621F90B290089CF92 /* PBXContainerItemProxy */ = {
			isa = PBXContainerItemProxy;
			containerPortal = CD9580F521F90B270089CF92 /* Project object */;
			proxyType = 1;
			remoteGlobalIDString = CD9580FC21F90B270089CF92;
			remoteInfo = FaceRecognition;
		};
/* End PBXContainerItemProxy section */

/* Begin PBXFileReference section */
		CD9580FD21F90B270089CF92 /* FaceRecognition.app */ = {isa = PBXFileReference; explicitFileType = wrapper.application; includeInIndex = 0; path = FaceRecognition.app; sourceTree = BUILT_PRODUCTS_DIR; };
		CD95810021F90B270089CF92 /* AppDelegate.swift */ = {isa = PBXFileReference; lastKnownFileType = sourcecode.swift; path = AppDelegate.swift; sourceTree = "<group>"; };
		CD95810221F90B270089CF92 /* Scene.sks */ = {isa = PBXFileReference; lastKnownFileType = file.sks; path = Scene.sks; sourceTree = "<group>"; };
		CD95810421F90B270089CF92 /* Scene.swift */ = {isa = PBXFileReference; lastKnownFileType = sourcecode.swift; path = Scene.swift; sourceTree = "<group>"; };
		CD95810621F90B270089CF92 /* ViewController.swift */ = {isa = PBXFileReference; lastKnownFileType = sourcecode.swift; path = ViewController.swift; sourceTree = "<group>"; };
		CD95810921F90B270089CF92 /* Base */ = {isa = PBXFileReference; lastKnownFileType = file.storyboard; name = Base; path = Base.lproj/Main.storyboard; sourceTree = "<group>"; };
		CD95810B21F90B290089CF92 /* Assets.xcassets */ = {isa = PBXFileReference; lastKnownFileType = folder.assetcatalog; path = Assets.xcassets; sourceTree = "<group>"; };
		CD95810E21F90B290089CF92 /* Base */ = {isa = PBXFileReference; lastKnownFileType = file.storyboard; name = Base; path = Base.lproj/LaunchScreen.storyboard; sourceTree = "<group>"; };
		CD95811021F90B290089CF92 /* Info.plist */ = {isa = PBXFileReference; lastKnownFileType = text.plist.xml; path = Info.plist; sourceTree = "<group>"; };
		CD95811521F90B290089CF92 /* FaceRecognitionTests.xctest */ = {isa = PBXFileReference; explicitFileType = wrapper.cfbundle; includeInIndex = 0; path = FaceRecognitionTests.xctest; sourceTree = BUILT_PRODUCTS_DIR; };
		CD95811921F90B290089CF92 /* FaceRecognitionTests.swift */ = {isa = PBXFileReference; lastKnownFileType = sourcecode.swift; path = FaceRecognitionTests.swift; sourceTree = "<group>"; };
		CD95811B21F90B290089CF92 /* Info.plist */ = {isa = PBXFileReference; lastKnownFileType = text.plist.xml; path = Info.plist; sourceTree = "<group>"; };
/* End PBXFileReference section */

/* Begin PBXFrameworksBuildPhase section */
		CD9580FA21F90B270089CF92 /* Frameworks */ = {
			isa = PBXFrameworksBuildPhase;
			buildActionMask = 2147483647;
			files = (
			);
			runOnlyForDeploymentPostprocessing = 0;
		};
		CD95811221F90B290089CF92 /* Frameworks */ = {
			isa = PBXFrameworksBuildPhase;
			buildActionMask = 2147483647;
			files = (
			);
			runOnlyForDeploymentPostprocessing = 0;
		};
/* End PBXFrameworksBuildPhase section */

/* Begin PBXGroup section */
		CD9580F421F90B270089CF92 = {
			isa = PBXGroup;
			children = (
				CD9580FF21F90B270089CF92 /* FaceRecognition */,
				CD95811821F90B290089CF92 /* FaceRecognitionTests */,
				CD9580FE21F90B270089CF92 /* Products */,
			);
			sourceTree = "<group>";
		};
		CD9580FE21F90B270089CF92 /* Products */ = {
			isa = PBXGroup;
			children = (
				CD9580FD21F90B270089CF92 /* FaceRecognition.app */,
				CD95811521F90B290089CF92 /* FaceRecognitionTests.xctest */,
			);
			name = Products;
			sourceTree = "<group>";
		};
		CD9580FF21F90B270089CF92 /* FaceRecognition */ = {
			isa = PBXGroup;
			children = (
				CD95812421F911AF0089CF92 /* Features */,
				CD95810021F90B270089CF92 /* AppDelegate.swift */,
				CD95810221F90B270089CF92 /* Scene.sks */,
				CD95810421F90B270089CF92 /* Scene.swift */,
				CD95810621F90B270089CF92 /* ViewController.swift */,
				CD95810821F90B270089CF92 /* Main.storyboard */,
				CD95810B21F90B290089CF92 /* Assets.xcassets */,
				CD95810D21F90B290089CF92 /* LaunchScreen.storyboard */,
				CD95811021F90B290089CF92 /* Info.plist */,
			);
			path = FaceRecognition;
			sourceTree = "<group>";
		};
		CD95811821F90B290089CF92 /* FaceRecognitionTests */ = {
			isa = PBXGroup;
			children = (
				CD95811921F90B290089CF92 /* FaceRecognitionTests.swift */,
				CD95811B21F90B290089CF92 /* Info.plist */,
			);
			path = FaceRecognitionTests;
			sourceTree = "<group>";
		};
		CD95812421F911AF0089CF92 /* Features */ = {
			isa = PBXGroup;
			children = (
				CD95812521F911BA0089CF92 /* Landing */,
				CD95812621F911C00089CF92 /* Register */,
			);
			path = Features;
			sourceTree = "<group>";
		};
		CD95812521F911BA0089CF92 /* Landing */ = {
			isa = PBXGroup;
			children = (
				CD95812721F911CE0089CF92 /* Classes */,
				CD95812821F911E10089CF92 /* Storyboards */,
			);
			path = Landing;
			sourceTree = "<group>";
		};
		CD95812621F911C00089CF92 /* Register */ = {
			isa = PBXGroup;
			children = (
				CD95812A21F912080089CF92 /* Classes */,
				CD95812921F912080089CF92 /* Storyboards */,
			);
			path = Register;
			sourceTree = "<group>";
		};
		CD95812721F911CE0089CF92 /* Classes */ = {
			isa = PBXGroup;
			children = (
			);
			path = Classes;
			sourceTree = "<group>";
		};
		CD95812821F911E10089CF92 /* Storyboards */ = {
			isa = PBXGroup;
			children = (
			);
			path = Storyboards;
			sourceTree = "<group>";
		};
		CD95812921F912080089CF92 /* Storyboards */ = {
			isa = PBXGroup;
			children = (
			);
			path = Storyboards;
			sourceTree = "<group>";
		};
		CD95812A21F912080089CF92 /* Classes */ = {
			isa = PBXGroup;
			children = (
			);
			path = Classes;
			sourceTree = "<group>";
		};
/* End PBXGroup section */

/* Begin PBXNativeTarget section */
		CD9580FC21F90B270089CF92 /* FaceRecognition */ = {
			isa = PBXNativeTarget;
			buildConfigurationList = CD95811E21F90B290089CF92 /* Build configuration list for PBXNativeTarget "FaceRecognition" */;
			buildPhases = (
				CD9580F921F90B270089CF92 /* Sources */,
				CD9580FA21F90B270089CF92 /* Frameworks */,
				CD9580FB21F90B270089CF92 /* Resources */,
			);
			buildRules = (
			);
			dependencies = (
			);
			name = FaceRecognition;
			productName = FaceRecognition;
			productReference = CD9580FD21F90B270089CF92 /* FaceRecognition.app */;
			productType = "com.apple.product-type.application";
		};
		CD95811421F90B290089CF92 /* FaceRecognitionTests */ = {
			isa = PBXNativeTarget;
			buildConfigurationList = CD95812121F90B290089CF92 /* Build configuration list for PBXNativeTarget "FaceRecognitionTests" */;
			buildPhases = (
				CD95811121F90B290089CF92 /* Sources */,
				CD95811221F90B290089CF92 /* Frameworks */,
				CD95811321F90B290089CF92 /* Resources */,
			);
			buildRules = (
			);
			dependencies = (
				CD95811721F90B290089CF92 /* PBXTargetDependency */,
			);
			name = FaceRecognitionTests;
			productName = FaceRecognitionTests;
			productReference = CD95811521F90B290089CF92 /* FaceRecognitionTests.xctest */;
			productType = "com.apple.product-type.bundle.unit-test";
		};
/* End PBXNativeTarget section */

/* Begin PBXProject section */
		CD9580F521F90B270089CF92 /* Project object */ = {
			isa = PBXProject;
			attributes = {
				LastSwiftUpdateCheck = 1010;
				LastUpgradeCheck = 1010;
				ORGANIZATIONNAME = Novinfard;
				TargetAttributes = {
					CD9580FC21F90B270089CF92 = {
						CreatedOnToolsVersion = 10.1;
					};
					CD95811421F90B290089CF92 = {
						CreatedOnToolsVersion = 10.1;
						TestTargetID = CD9580FC21F90B270089CF92;
					};
				};
			};
			buildConfigurationList = CD9580F821F90B270089CF92 /* Build configuration list for PBXProject "FaceRecognition" */;
			compatibilityVersion = "Xcode 9.3";
			developmentRegion = en;
			hasScannedForEncodings = 0;
			knownRegions = (
				en,
				Base,
			);
			mainGroup = CD9580F421F90B270089CF92;
			productRefGroup = CD9580FE21F90B270089CF92 /* Products */;
			projectDirPath = "";
			projectRoot = "";
			targets = (
				CD9580FC21F90B270089CF92 /* FaceRecognition */,
				CD95811421F90B290089CF92 /* FaceRecognitionTests */,
			);
		};
/* End PBXProject section */

/* Begin PBXResourcesBuildPhase section */
		CD9580FB21F90B270089CF92 /* Resources */ = {
			isa = PBXResourcesBuildPhase;
			buildActionMask = 2147483647;
			files = (
				CD95810321F90B270089CF92 /* Scene.sks in Resources */,
				CD95810F21F90B290089CF92 /* LaunchScreen.storyboard in Resources */,
				CD95810C21F90B290089CF92 /* Assets.xcassets in Resources */,
				CD95810A21F90B270089CF92 /* Main.storyboard in Resources */,
			);
			runOnlyForDeploymentPostprocessing = 0;
		};
		CD95811321F90B290089CF92 /* Resources */ = {
			isa = PBXResourcesBuildPhase;
			buildActionMask = 2147483647;
			files = (
			);
			runOnlyForDeploymentPostprocessing = 0;
		};
/* End PBXResourcesBuildPhase section */

/* Begin PBXSourcesBuildPhase section */
		CD9580F921F90B270089CF92 /* Sources */ = {
			isa = PBXSourcesBuildPhase;
			buildActionMask = 2147483647;
			files = (
				CD95810721F90B270089CF92 /* ViewController.swift in Sources */,
				CD95810521F90B270089CF92 /* Scene.swift in Sources */,
				CD95810121F90B270089CF92 /* AppDelegate.swift in Sources */,
			);
			runOnlyForDeploymentPostprocessing = 0;
		};
		CD95811121F90B290089CF92 /* Sources */ = {
			isa = PBXSourcesBuildPhase;
			buildActionMask = 2147483647;
			files = (
				CD95811A21F90B290089CF92 /* FaceRecognitionTests.swift in Sources */,
			);
			runOnlyForDeploymentPostprocessing = 0;
		};
/* End PBXSourcesBuildPhase section */

/* Begin PBXTargetDependency section */
		CD95811721F90B290089CF92 /* PBXTargetDependency */ = {
			isa = PBXTargetDependency;
			target = CD9580FC21F90B270089CF92 /* FaceRecognition */;
			targetProxy = CD95811621F90B290089CF92 /* PBXContainerItemProxy */;
		};
/* End PBXTargetDependency section */

/* Begin PBXVariantGroup section */
		CD95810821F90B270089CF92 /* Main.storyboard */ = {
			isa = PBXVariantGroup;
			children = (
				CD95810921F90B270089CF92 /* Base */,
			);
			name = Main.storyboard;
			sourceTree = "<group>";
		};
		CD95810D21F90B290089CF92 /* LaunchScreen.storyboard */ = {
			isa = PBXVariantGroup;
			children = (
				CD95810E21F90B290089CF92 /* Base */,
			);
			name = LaunchScreen.storyboard;
			sourceTree = "<group>";
		};
/* End PBXVariantGroup section */

/* Begin XCBuildConfiguration section */
		CD95811C21F90B290089CF92 /* Debug */ = {
			isa = XCBuildConfiguration;
			buildSettings = {
				ALWAYS_SEARCH_USER_PATHS = NO;
				CLANG_ANALYZER_NONNULL = YES;
				CLANG_ANALYZER_NUMBER_OBJECT_CONVERSION = YES_AGGRESSIVE;
				CLANG_CXX_LANGUAGE_STANDARD = "gnu++14";
				CLANG_CXX_LIBRARY = "libc++";
				CLANG_ENABLE_MODULES = YES;
				CLANG_ENABLE_OBJC_ARC = YES;
				CLANG_ENABLE_OBJC_WEAK = YES;
				CLANG_WARN_BLOCK_CAPTURE_AUTORELEASING = YES;
				CLANG_WARN_BOOL_CONVERSION = YES;
				CLANG_WARN_COMMA = YES;
				CLANG_WARN_CONSTANT_CONVERSION = YES;
				CLANG_WARN_DEPRECATED_OBJC_IMPLEMENTATIONS = YES;
				CLANG_WARN_DIRECT_OBJC_ISA_USAGE = YES_ERROR;
				CLANG_WARN_DOCUMENTATION_COMMENTS = YES;
				CLANG_WARN_EMPTY_BODY = YES;
				CLANG_WARN_ENUM_CONVERSION = YES;
				CLANG_WARN_INFINITE_RECURSION = YES;
				CLANG_WARN_INT_CONVERSION = YES;
				CLANG_WARN_NON_LITERAL_NULL_CONVERSION = YES;
				CLANG_WARN_OBJC_IMPLICIT_RETAIN_SELF = YES;
				CLANG_WARN_OBJC_LITERAL_CONVERSION = YES;
				CLANG_WARN_OBJC_ROOT_CLASS = YES_ERROR;
				CLANG_WARN_RANGE_LOOP_ANALYSIS = YES;
				CLANG_WARN_STRICT_PROTOTYPES = YES;
				CLANG_WARN_SUSPICIOUS_MOVE = YES;
				CLANG_WARN_UNGUARDED_AVAILABILITY = YES_AGGRESSIVE;
				CLANG_WARN_UNREACHABLE_CODE = YES;
				CLANG_WARN__DUPLICATE_METHOD_MATCH = YES;
				CODE_SIGN_IDENTITY = "iPhone Developer";
				COPY_PHASE_STRIP = NO;
				DEBUG_INFORMATION_FORMAT = dwarf;
				ENABLE_STRICT_OBJC_MSGSEND = YES;
				ENABLE_TESTABILITY = YES;
				GCC_C_LANGUAGE_STANDARD = gnu11;
				GCC_DYNAMIC_NO_PIC = NO;
				GCC_NO_COMMON_BLOCKS = YES;
				GCC_OPTIMIZATION_LEVEL = 0;
				GCC_PREPROCESSOR_DEFINITIONS = (
					"DEBUG=1",
					"$(inherited)",
				);
				GCC_WARN_64_TO_32_BIT_CONVERSION = YES;
				GCC_WARN_ABOUT_RETURN_TYPE = YES_ERROR;
				GCC_WARN_UNDECLARED_SELECTOR = YES;
				GCC_WARN_UNINITIALIZED_AUTOS = YES_AGGRESSIVE;
				GCC_WARN_UNUSED_FUNCTION = YES;
				GCC_WARN_UNUSED_VARIABLE = YES;
				IPHONEOS_DEPLOYMENT_TARGET = 12.1;
				MTL_ENABLE_DEBUG_INFO = INCLUDE_SOURCE;
				MTL_FAST_MATH = YES;
				ONLY_ACTIVE_ARCH = YES;
				SDKROOT = iphoneos;
				SWIFT_ACTIVE_COMPILATION_CONDITIONS = DEBUG;
				SWIFT_OPTIMIZATION_LEVEL = "-Onone";
			};
			name = Debug;
		};
		CD95811D21F90B290089CF92 /* Release */ = {
			isa = XCBuildConfiguration;
			buildSettings = {
				ALWAYS_SEARCH_USER_PATHS = NO;
				CLANG_ANALYZER_NONNULL = YES;
				CLANG_ANALYZER_NUMBER_OBJECT_CONVERSION = YES_AGGRESSIVE;
				CLANG_CXX_LANGUAGE_STANDARD = "gnu++14";
				CLANG_CXX_LIBRARY = "libc++";
				CLANG_ENABLE_MODULES = YES;
				CLANG_ENABLE_OBJC_ARC = YES;
				CLANG_ENABLE_OBJC_WEAK = YES;
				CLANG_WARN_BLOCK_CAPTURE_AUTORELEASING = YES;
				CLANG_WARN_BOOL_CONVERSION = YES;
				CLANG_WARN_COMMA = YES;
				CLANG_WARN_CONSTANT_CONVERSION = YES;
				CLANG_WARN_DEPRECATED_OBJC_IMPLEMENTATIONS = YES;
				CLANG_WARN_DIRECT_OBJC_ISA_USAGE = YES_ERROR;
				CLANG_WARN_DOCUMENTATION_COMMENTS = YES;
				CLANG_WARN_EMPTY_BODY = YES;
				CLANG_WARN_ENUM_CONVERSION = YES;
				CLANG_WARN_INFINITE_RECURSION = YES;
				CLANG_WARN_INT_CONVERSION = YES;
				CLANG_WARN_NON_LITERAL_NULL_CONVERSION = YES;
				CLANG_WARN_OBJC_IMPLICIT_RETAIN_SELF = YES;
				CLANG_WARN_OBJC_LITERAL_CONVERSION = YES;
				CLANG_WARN_OBJC_ROOT_CLASS = YES_ERROR;
				CLANG_WARN_RANGE_LOOP_ANALYSIS = YES;
				CLANG_WARN_STRICT_PROTOTYPES = YES;
				CLANG_WARN_SUSPICIOUS_MOVE = YES;
				CLANG_WARN_UNGUARDED_AVAILABILITY = YES_AGGRESSIVE;
				CLANG_WARN_UNREACHABLE_CODE = YES;
				CLANG_WARN__DUPLICATE_METHOD_MATCH = YES;
				CODE_SIGN_IDENTITY = "iPhone Developer";
				COPY_PHASE_STRIP = NO;
				DEBUG_INFORMATION_FORMAT = "dwarf-with-dsym";
				ENABLE_NS_ASSERTIONS = NO;
				ENABLE_STRICT_OBJC_MSGSEND = YES;
				GCC_C_LANGUAGE_STANDARD = gnu11;
				GCC_NO_COMMON_BLOCKS = YES;
				GCC_WARN_64_TO_32_BIT_CONVERSION = YES;
				GCC_WARN_ABOUT_RETURN_TYPE = YES_ERROR;
				GCC_WARN_UNDECLARED_SELECTOR = YES;
				GCC_WARN_UNINITIALIZED_AUTOS = YES_AGGRESSIVE;
				GCC_WARN_UNUSED_FUNCTION = YES;
				GCC_WARN_UNUSED_VARIABLE = YES;
				IPHONEOS_DEPLOYMENT_TARGET = 12.1;
				MTL_ENABLE_DEBUG_INFO = NO;
				MTL_FAST_MATH = YES;
				SDKROOT = iphoneos;
				SWIFT_COMPILATION_MODE = wholemodule;
				SWIFT_OPTIMIZATION_LEVEL = "-O";
				VALIDATE_PRODUCT = YES;
			};
			name = Release;
		};
		CD95811F21F90B290089CF92 /* Debug */ = {
			isa = XCBuildConfiguration;
			buildSettings = {
				ASSETCATALOG_COMPILER_APPICON_NAME = AppIcon;
				CODE_SIGN_STYLE = Automatic;
				DEVELOPMENT_TEAM = VQ3DDEUQ7K;
				INFOPLIST_FILE = FaceRecognition/Info.plist;
				LD_RUNPATH_SEARCH_PATHS = (
					"$(inherited)",
					"@executable_path/Frameworks",
				);
				PRODUCT_BUNDLE_IDENTIFIER = com.novinfard.FaceRecognition;
				PRODUCT_NAME = "$(TARGET_NAME)";
				SWIFT_VERSION = 4.2;
				TARGETED_DEVICE_FAMILY = "1,2";
			};
			name = Debug;
		};
		CD95812021F90B290089CF92 /* Release */ = {
			isa = XCBuildConfiguration;
			buildSettings = {
				ASSETCATALOG_COMPILER_APPICON_NAME = AppIcon;
				CODE_SIGN_STYLE = Automatic;
				DEVELOPMENT_TEAM = VQ3DDEUQ7K;
				INFOPLIST_FILE = FaceRecognition/Info.plist;
				LD_RUNPATH_SEARCH_PATHS = (
					"$(inherited)",
					"@executable_path/Frameworks",
				);
				PRODUCT_BUNDLE_IDENTIFIER = com.novinfard.FaceRecognition;
				PRODUCT_NAME = "$(TARGET_NAME)";
				SWIFT_VERSION = 4.2;
				TARGETED_DEVICE_FAMILY = "1,2";
			};
			name = Release;
		};
		CD95812221F90B290089CF92 /* Debug */ = {
			isa = XCBuildConfiguration;
			buildSettings = {
				ALWAYS_EMBED_SWIFT_STANDARD_LIBRARIES = YES;
				BUNDLE_LOADER = "$(TEST_HOST)";
				CODE_SIGN_STYLE = Automatic;
				DEVELOPMENT_TEAM = VQ3DDEUQ7K;
				INFOPLIST_FILE = FaceRecognitionTests/Info.plist;
				LD_RUNPATH_SEARCH_PATHS = (
					"$(inherited)",
					"@executable_path/Frameworks",
					"@loader_path/Frameworks",
				);
				PRODUCT_BUNDLE_IDENTIFIER = com.novinfard.FaceRecognitionTests;
				PRODUCT_NAME = "$(TARGET_NAME)";
				SWIFT_VERSION = 4.2;
				TARGETED_DEVICE_FAMILY = "1,2";
				TEST_HOST = "$(BUILT_PRODUCTS_DIR)/FaceRecognition.app/FaceRecognition";
			};
			name = Debug;
		};
		CD95812321F90B290089CF92 /* Release */ = {
			isa = XCBuildConfiguration;
			buildSettings = {
				ALWAYS_EMBED_SWIFT_STANDARD_LIBRARIES = YES;
				BUNDLE_LOADER = "$(TEST_HOST)";
				CODE_SIGN_STYLE = Automatic;
				DEVELOPMENT_TEAM = VQ3DDEUQ7K;
				INFOPLIST_FILE = FaceRecognitionTests/Info.plist;
				LD_RUNPATH_SEARCH_PATHS = (
					"$(inherited)",
					"@executable_path/Frameworks",
					"@loader_path/Frameworks",
				);
				PRODUCT_BUNDLE_IDENTIFIER = com.novinfard.FaceRecognitionTests;
				PRODUCT_NAME = "$(TARGET_NAME)";
				SWIFT_VERSION = 4.2;
				TARGETED_DEVICE_FAMILY = "1,2";
				TEST_HOST = "$(BUILT_PRODUCTS_DIR)/FaceRecognition.app/FaceRecognition";
			};
			name = Release;
		};
/* End XCBuildConfiguration section */

/* Begin XCConfigurationList section */
		CD9580F821F90B270089CF92 /* Build configuration list for PBXProject "FaceRecognition" */ = {
			isa = XCConfigurationList;
			buildConfigurations = (
				CD95811C21F90B290089CF92 /* Debug */,
				CD95811D21F90B290089CF92 /* Release */,
			);
			defaultConfigurationIsVisible = 0;
			defaultConfigurationName = Release;
		};
		CD95811E21F90B290089CF92 /* Build configuration list for PBXNativeTarget "FaceRecognition" */ = {
			isa = XCConfigurationList;
			buildConfigurations = (
				CD95811F21F90B290089CF92 /* Debug */,
				CD95812021F90B290089CF92 /* Release */,
			);
			defaultConfigurationIsVisible = 0;
			defaultConfigurationName = Release;
		};
		CD95812121F90B290089CF92 /* Build configuration list for PBXNativeTarget "FaceRecognitionTests" */ = {
			isa = XCConfigurationList;
			buildConfigurations = (
				CD95812221F90B290089CF92 /* Debug */,
				CD95812321F90B290089CF92 /* Release */,
			);
			defaultConfigurationIsVisible = 0;
			defaultConfigurationName = Release;
		};
/* End XCConfigurationList section */
	};
	rootObject = CD9580F521F90B270089CF92 /* Project object */;
}
